
Microsoft Visual Studio Solution File, Format Version 12.00
# Visual Studio Version 16
VisualStudioVersion = 16.0.29411.108
MinimumVisualStudioVersion = 10.0.40219.1
Project("{FAE04EC0-301F-11D3-BF4B-00C04F79EFBC}") = "Bingo.Model", "Bingo.Model\Bingo.Model.csproj", "{7364D280-C193-4CBA-9D5E-255EDA7AB224}"
EndProject
Project("{FAE04EC0-301F-11D3-BF4B-00C04F79EFBC}") = "Bingo.Dao", "Bingo.Dao\Bingo.Dao.csproj", "{7C4D0633-911B-4CA1-9698-3642B105DF2E}"
EndProject
Project("{FAE04EC0-301F-11D3-BF4B-00C04F79EFBC}") = "Bingo.Biz", "Bingo.Biz\Bingo.Biz.csproj", "{67678DA1-0507-469E-879B-54529167A996}"
EndProject
Project("{FAE04EC0-301F-11D3-BF4B-00C04F79EFBC}") = "Bingo.Utils", "Bingo.Utils\Bingo.Utils.csproj", "{1552CDBC-4D7D-4DEB-A208-C7C1AE2B8F82}"
EndProject
Project("{FAE04EC0-301F-11D3-BF4B-00C04F79EFBC}") = "Bingo.Api", "Bingo.Api\Bingo.Api.csproj", "{3AAE3138-3AF6-46DD-9715-DF43D0F7D593}"
EndProject
Project("{2150E333-8FDC-42A3-9474-1A3956D46DE8}") = "Service", "Service", "{C92A8C0B-FA9E-46E3-9511-C041D1601A95}"
EndProject
Project("{2150E333-8FDC-42A3-9474-1A3956D46DE8}") = "Base", "Base", "{2BE6EB9D-068C-41BA-98F7-A383EA03AD0A}"
EndProject
Project("{FAE04EC0-301F-11D3-BF4B-00C04F79EFBC}") = "Infrastructure", "Infrastructure\Infrastructure.csproj", "{2390FCEB-6F70-43B5-91B4-F762F1EECCF9}"
EndProject
Project("{FAE04EC0-301F-11D3-BF4B-00C04F79EFBC}") = "Bingo.Web", "Bingo.Web\Bingo.Web.csproj", "{60230615-5E1A-4E31-99FD-14B15D650002}"
EndProject
Global
	GlobalSection(SolutionConfigurationPlatforms) = preSolution
		Debug|Any CPU = Debug|Any CPU
		Release|Any CPU = Release|Any CPU
	EndGlobalSection
	GlobalSection(ProjectConfigurationPlatforms) = postSolution
		{7364D280-C193-4CBA-9D5E-255EDA7AB224}.Debug|Any CPU.ActiveCfg = Debug|Any CPU
		{7364D280-C193-4CBA-9D5E-255EDA7AB224}.Debug|Any CPU.Build.0 = Debug|Any CPU
		{7364D280-C193-4CBA-9D5E-255EDA7AB224}.Release|Any CPU.ActiveCfg = Release|Any CPU
		{7364D280-C193-4CBA-9D5E-255EDA7AB224}.Release|Any CPU.Build.0 = Release|Any CPU
		{7C4D0633-911B-4CA1-9698-3642B105DF2E}.Debug|Any CPU.ActiveCfg = Debug|Any CPU
		{7C4D0633-911B-4CA1-9698-3642B105DF2E}.Debug|Any CPU.Build.0 = Debug|Any CPU
		{7C4D0633-911B-4CA1-9698-3642B105DF2E}.Release|Any CPU.ActiveCfg = Release|Any CPU
		{7C4D0633-911B-4CA1-9698-3642B105DF2E}.Release|Any CPU.Build.0 = Release|Any CPU
		{67678DA1-0507-469E-879B-54529167A996}.Debug|Any CPU.ActiveCfg = Debug|Any CPU
		{67678DA1-0507-469E-879B-54529167A996}.Debug|Any CPU.Build.0 = Debug|Any CPU
		{67678DA1-0507-469E-879B-54529167A996}.Release|Any CPU.ActiveCfg = Release|Any CPU
		{67678DA1-0507-469E-879B-54529167A996}.Release|Any CPU.Build.0 = Release|Any CPU
		{1552CDBC-4D7D-4DEB-A208-C7C1AE2B8F82}.Debug|Any CPU.ActiveCfg = Debug|Any CPU
		{1552CDBC-4D7D-4DEB-A208-C7C1AE2B8F82}.Debug|Any CPU.Build.0 = Debug|Any CPU
		{1552CDBC-4D7D-4DEB-A208-C7C1AE2B8F82}.Release|Any CPU.ActiveCfg = Release|Any CPU
		{1552CDBC-4D7D-4DEB-A208-C7C1AE2B8F82}.Release|Any CPU.Build.0 = Release|Any CPU
		{3AAE3138-3AF6-46DD-9715-DF43D0F7D593}.Debug|Any CPU.ActiveCfg = Debug|Any CPU
		{3AAE3138-3AF6-46DD-9715-DF43D0F7D593}.Debug|Any CPU.Build.0 = Debug|Any CPU
		{3AAE3138-3AF6-46DD-9715-DF43D0F7D593}.Release|Any CPU.ActiveCfg = Release|Any CPU
		{3AAE3138-3AF6-46DD-9715-DF43D0F7D593}.Release|Any CPU.Build.0 = Release|Any CPU
		{2390FCEB-6F70-43B5-91B4-F762F1EECCF9}.Debug|Any CPU.ActiveCfg = Debug|Any CPU
		{2390FCEB-6F70-43B5-91B4-F762F1EECCF9}.Debug|Any CPU.Build.0 = Debug|Any CPU
		{2390FCEB-6F70-43B5-91B4-F762F1EECCF9}.Release|Any CPU.ActiveCfg = Release|Any CPU
		{2390FCEB-6F70-43B5-91B4-F762F1EECCF9}.Release|Any CPU.Build.0 = Release|Any CPU
		{60230615-5E1A-4E31-99FD-14B15D650002}.Debug|Any CPU.ActiveCfg = Debug|Any CPU
		{60230615-5E1A-4E31-99FD-14B15D650002}.Debug|Any CPU.Build.0 = Debug|Any CPU
		{60230615-5E1A-4E31-99FD-14B15D650002}.Release|Any CPU.ActiveCfg = Release|Any CPU
		{60230615-5E1A-4E31-99FD-14B15D650002}.Release|Any CPU.Build.0 = Release|Any CPU
	EndGlobalSection
	GlobalSection(SolutionProperties) = preSolution
		HideSolutionNode = FALSE
	EndGlobalSection
	GlobalSection(NestedProjects) = preSolution
		{7364D280-C193-4CBA-9D5E-255EDA7AB224} = {2BE6EB9D-068C-41BA-98F7-A383EA03AD0A}
		{7C4D0633-911B-4CA1-9698-3642B105DF2E} = {2BE6EB9D-068C-41BA-98F7-A383EA03AD0A}
		{67678DA1-0507-469E-879B-54529167A996} = {2BE6EB9D-068C-41BA-98F7-A383EA03AD0A}
		{1552CDBC-4D7D-4DEB-A208-C7C1AE2B8F82} = {2BE6EB9D-068C-41BA-98F7-A383EA03AD0A}
		{3AAE3138-3AF6-46DD-9715-DF43D0F7D593} = {C92A8C0B-FA9E-46E3-9511-C041D1601A95}
		{2390FCEB-6F70-43B5-91B4-F762F1EECCF9} = {2BE6EB9D-068C-41BA-98F7-A383EA03AD0A}
		{60230615-5E1A-4E31-99FD-14B15D650002} = {C92A8C0B-FA9E-46E3-9511-C041D1601A95}
	EndGlobalSection
	GlobalSection(ExtensibilityGlobals) = postSolution
		SolutionGuid = {2544B58D-2A9F-47B3-BFB3-C31FEE73116A}
	EndGlobalSection
EndGlobal
